
Microsoft Visual Studio Solution File, Format Version 12.00
# Visual Studio Version 16
VisualStudioVersion = 16.0.28729.10
MinimumVisualStudioVersion = 10.0.40219.1
Project("{FAE04EC0-301F-11D3-BF4B-00C04F79EFBC}") = "SD220_Deliverable-1_DGrouette", "SD220_Deliverable-1_DGrouette\SD220_Deliverable-1_DGrouette.csproj", "{7D8A9D74-F549-4007-8C8A-4C6A213DB30C}"
EndProject
Global
	GlobalSection(SolutionConfigurationPlatforms) = preSolution
		Debug|Any CPU = Debug|Any CPU
		Release|Any CPU = Release|Any CPU
	EndGlobalSection
	GlobalSection(ProjectConfigurationPlatforms) = postSolution
		{7D8A9D74-F549-4007-8C8A-4C6A213DB30C}.Debug|Any CPU.ActiveCfg = Debug|Any CPU
		{7D8A9D74-F549-4007-8C8A-4C6A213DB30C}.Debug|Any CPU.Build.0 = Debug|Any CPU
		{7D8A9D74-F549-4007-8C8A-4C6A213DB30C}.Release|Any CPU.ActiveCfg = Release|Any CPU
		{7D8A9D74-F549-4007-8C8A-4C6A213DB30C}.Release|Any CPU.Build.0 = Release|Any CPU
	EndGlobalSection
	GlobalSection(SolutionProperties) = preSolution
		HideSolutionNode = FALSE
	EndGlobalSection
	GlobalSection(ExtensibilityGlobals) = postSolution
		SolutionGuid = {259D0599-A72F-4F16-857D-81D0EEA829E1}
	EndGlobalSection
EndGlobal
